
Microsoft Visual Studio Solution File, Format Version 12.00
# Visual Studio Version 17
VisualStudioVersion = 17.0.31903.59
MinimumVisualStudioVersion = 10.0.40219.1
Project("{FAE04EC0-301F-11D3-BF4B-00C04F79EFBC}") = "PrintSupportVirtualPrinter", "PrintSupportVirtualPrinter\PrintSupportVirtualPrinter.csproj", "{2CEA05F1-4231-4AFD-87DD-10AE539075A9}"
EndProject
Project("{FAE04EC0-301F-11D3-BF4B-00C04F79EFBC}") = "Tasks", "Tasks\Tasks.csproj", "{41F7BB0B-294D-472B-A5ED-1C3D496BC093}"
EndProject
Global
	GlobalSection(SolutionConfigurationPlatforms) = preSolution
		Debug|Any CPU = Debug|Any CPU
		Debug|x64 = Debug|x64
		Debug|x86 = Debug|x86
		Release|Any CPU = Release|Any CPU
		Release|x64 = Release|x64
		Release|x86 = Release|x86
	EndGlobalSection
	GlobalSection(ProjectConfigurationPlatforms) = postSolution
		{2CEA05F1-4231-4AFD-87DD-10AE539075A9}.Debug|Any CPU.ActiveCfg = Debug|x86
		{2CEA05F1-4231-4AFD-87DD-10AE539075A9}.Debug|Any CPU.Build.0 = Debug|x86
		{2CEA05F1-4231-4AFD-87DD-10AE539075A9}.Debug|x64.ActiveCfg = Debug|x64
		{2CEA05F1-4231-4AFD-87DD-10AE539075A9}.Debug|x64.Build.0 = Debug|x64
		{2CEA05F1-4231-4AFD-87DD-10AE539075A9}.Debug|x86.ActiveCfg = Debug|x86
		{2CEA05F1-4231-4AFD-87DD-10AE539075A9}.Debug|x86.Build.0 = Debug|x86
		{2CEA05F1-4231-4AFD-87DD-10AE539075A9}.Release|Any CPU.ActiveCfg = Release|x86
		{2CEA05F1-4231-4AFD-87DD-10AE539075A9}.Release|Any CPU.Build.0 = Release|x86
		{2CEA05F1-4231-4AFD-87DD-10AE539075A9}.Release|x64.ActiveCfg = Release|x64
		{2CEA05F1-4231-4AFD-87DD-10AE539075A9}.Release|x64.Build.0 = Release|x64
		{2CEA05F1-4231-4AFD-87DD-10AE539075A9}.Release|x86.ActiveCfg = Release|x86
		{2CEA05F1-4231-4AFD-87DD-10AE539075A9}.Release|x86.Build.0 = Release|x86
		{41F7BB0B-294D-472B-A5ED-1C3D496BC093}.Debug|Any CPU.ActiveCfg = Debug|Any CPU
		{41F7BB0B-294D-472B-A5ED-1C3D496BC093}.Debug|Any CPU.Build.0 = Debug|Any CPU
		{41F7BB0B-294D-472B-A5ED-1C3D496BC093}.Debug|x64.ActiveCfg = Debug|Any CPU
		{41F7BB0B-294D-472B-A5ED-1C3D496BC093}.Debug|x64.Build.0 = Debug|Any CPU
		{41F7BB0B-294D-472B-A5ED-1C3D496BC093}.Debug|x86.ActiveCfg = Debug|Any CPU
		{41F7BB0B-294D-472B-A5ED-1C3D496BC093}.Debug|x86.Build.0 = Debug|Any CPU
		{41F7BB0B-294D-472B-A5ED-1C3D496BC093}.Release|Any CPU.ActiveCfg = Release|Any CPU
		{41F7BB0B-294D-472B-A5ED-1C3D496BC093}.Release|Any CPU.Build.0 = Release|Any CPU
		{41F7BB0B-294D-472B-A5ED-1C3D496BC093}.Release|x64.ActiveCfg = Release|Any CPU
		{41F7BB0B-294D-472B-A5ED-1C3D496BC093}.Release|x64.Build.0 = Release|Any CPU
		{41F7BB0B-294D-472B-A5ED-1C3D496BC093}.Release|x86.ActiveCfg = Release|Any CPU
		{41F7BB0B-294D-472B-A5ED-1C3D496BC093}.Release|x86.Build.0 = Release|Any CPU
	EndGlobalSection
	GlobalSection(SolutionProperties) = preSolution
		HideSolutionNode = FALSE
	EndGlobalSection
EndGlobal
